
Microsoft Visual Studio Solution File, Format Version 12.00
# Visual Studio Version 17
VisualStudioVersion = 17.0.31903.59
MinimumVisualStudioVersion = 10.0.40219.1
Project("{2150E333-8FDC-42A3-9474-1A3956D46DE8}") = "src", "src", "{2A799B73-1C9F-48B2-AF67-8EFE7FC8808E}"
EndProject
Project("{FAE04EC0-301F-11D3-BF4B-00C04F79EFBC}") = "NovaStore.Domain", "src\NovaStore.Domain\NovaStore.Domain.csproj", "{174F0198-3371-426D-BBCF-56E997B28D71}"
EndProject
Project("{FAE04EC0-301F-11D3-BF4B-00C04F79EFBC}") = "NovaStore.Application", "src\NovaStore.Application\NovaStore.Application.csproj", "{3383DD2C-2703-4977-9F4C-A5CE0D0E7D77}"
EndProject
Project("{FAE04EC0-301F-11D3-BF4B-00C04F79EFBC}") = "NovaStore.WebApi", "src\NovaStore.WebApi\NovaStore.WebApi.csproj", "{385C89F8-6787-4B20-8870-B984E4990163}"
EndProject
Project("{2150E333-8FDC-42A3-9474-1A3956D46DE8}") = "tests", "tests", "{5EA97283-FCE9-46D4-A947-E946FFEC3E63}"
EndProject
Project("{FAE04EC0-301F-11D3-BF4B-00C04F79EFBC}") = "NovaStore.WebApi.Tests", "tests\NovaStore.WebApi.Tests\NovaStore.WebApi.Tests.csproj", "{E1579874-1D06-4B0B-BE9A-4F74F61F5759}"
EndProject
Project("{FAE04EC0-301F-11D3-BF4B-00C04F79EFBC}") = "NovaStore.Infrastructure", "src\NovaStore.Infrastructure\NovaStore.Infrastructure.csproj", "{2CDA282F-B088-48A4-ABD2-4EAAA49494EE}"
EndProject
Global
	GlobalSection(SolutionConfigurationPlatforms) = preSolution
		Debug|Any CPU = Debug|Any CPU
		Release|Any CPU = Release|Any CPU
	EndGlobalSection
	GlobalSection(SolutionProperties) = preSolution
		HideSolutionNode = FALSE
	EndGlobalSection
	GlobalSection(ProjectConfigurationPlatforms) = postSolution
		{174F0198-3371-426D-BBCF-56E997B28D71}.Debug|Any CPU.ActiveCfg = Debug|Any CPU
		{174F0198-3371-426D-BBCF-56E997B28D71}.Debug|Any CPU.Build.0 = Debug|Any CPU
		{174F0198-3371-426D-BBCF-56E997B28D71}.Release|Any CPU.ActiveCfg = Release|Any CPU
		{174F0198-3371-426D-BBCF-56E997B28D71}.Release|Any CPU.Build.0 = Release|Any CPU
		{3383DD2C-2703-4977-9F4C-A5CE0D0E7D77}.Debug|Any CPU.ActiveCfg = Debug|Any CPU
		{3383DD2C-2703-4977-9F4C-A5CE0D0E7D77}.Debug|Any CPU.Build.0 = Debug|Any CPU
		{3383DD2C-2703-4977-9F4C-A5CE0D0E7D77}.Release|Any CPU.ActiveCfg = Release|Any CPU
		{3383DD2C-2703-4977-9F4C-A5CE0D0E7D77}.Release|Any CPU.Build.0 = Release|Any CPU
		{385C89F8-6787-4B20-8870-B984E4990163}.Debug|Any CPU.ActiveCfg = Debug|Any CPU
		{385C89F8-6787-4B20-8870-B984E4990163}.Debug|Any CPU.Build.0 = Debug|Any CPU
		{385C89F8-6787-4B20-8870-B984E4990163}.Release|Any CPU.ActiveCfg = Release|Any CPU
		{385C89F8-6787-4B20-8870-B984E4990163}.Release|Any CPU.Build.0 = Release|Any CPU
		{E1579874-1D06-4B0B-BE9A-4F74F61F5759}.Debug|Any CPU.ActiveCfg = Debug|Any CPU
		{E1579874-1D06-4B0B-BE9A-4F74F61F5759}.Debug|Any CPU.Build.0 = Debug|Any CPU
		{E1579874-1D06-4B0B-BE9A-4F74F61F5759}.Release|Any CPU.ActiveCfg = Release|Any CPU
		{E1579874-1D06-4B0B-BE9A-4F74F61F5759}.Release|Any CPU.Build.0 = Release|Any CPU
		{2CDA282F-B088-48A4-ABD2-4EAAA49494EE}.Debug|Any CPU.ActiveCfg = Debug|Any CPU
		{2CDA282F-B088-48A4-ABD2-4EAAA49494EE}.Debug|Any CPU.Build.0 = Debug|Any CPU
		{2CDA282F-B088-48A4-ABD2-4EAAA49494EE}.Release|Any CPU.ActiveCfg = Release|Any CPU
		{2CDA282F-B088-48A4-ABD2-4EAAA49494EE}.Release|Any CPU.Build.0 = Release|Any CPU
	EndGlobalSection
	GlobalSection(NestedProjects) = preSolution
		{174F0198-3371-426D-BBCF-56E997B28D71} = {2A799B73-1C9F-48B2-AF67-8EFE7FC8808E}
		{3383DD2C-2703-4977-9F4C-A5CE0D0E7D77} = {2A799B73-1C9F-48B2-AF67-8EFE7FC8808E}
		{385C89F8-6787-4B20-8870-B984E4990163} = {2A799B73-1C9F-48B2-AF67-8EFE7FC8808E}
		{E1579874-1D06-4B0B-BE9A-4F74F61F5759} = {5EA97283-FCE9-46D4-A947-E946FFEC3E63}
		{2CDA282F-B088-48A4-ABD2-4EAAA49494EE} = {2A799B73-1C9F-48B2-AF67-8EFE7FC8808E}
	EndGlobalSection
EndGlobal
